// !$*UTF8*$!
{
	archiveVersion = 1;
	classes = {
	};
	objectVersion = 46;
	objects = {

/* Begin PBXBuildFile section */
		2AB51E2D1E472D4B00F5B93F /* AppDelegate.swift in Sources */ = {isa = PBXBuildFile; fileRef = 2AB51E2C1E472D4B00F5B93F /* AppDelegate.swift */; };
		2AB51E2F1E472D4B00F5B93F /* ViewController.swift in Sources */ = {isa = PBXBuildFile; fileRef = 2AB51E2E1E472D4B00F5B93F /* ViewController.swift */; };
		2AB51E321E472D4B00F5B93F /* Main.storyboard in Resources */ = {isa = PBXBuildFile; fileRef = 2AB51E301E472D4B00F5B93F /* Main.storyboard */; };
		2AB51E341E472D4B00F5B93F /* Assets.xcassets in Resources */ = {isa = PBXBuildFile; fileRef = 2AB51E331E472D4B00F5B93F /* Assets.xcassets */; };
		2AB51E371E472D4B00F5B93F /* LaunchScreen.storyboard in Resources */ = {isa = PBXBuildFile; fileRef = 2AB51E351E472D4B00F5B93F /* LaunchScreen.storyboard */; };
		2AB51E421E472D4B00F5B93F /* MicRecordTests.swift in Sources */ = {isa = PBXBuildFile; fileRef = 2AB51E411E472D4B00F5B93F /* MicRecordTests.swift */; };
		2AB51E4D1E472D4B00F5B93F /* MicRecordUITests.swift in Sources */ = {isa = PBXBuildFile; fileRef = 2AB51E4C1E472D4B00F5B93F /* MicRecordUITests.swift */; };
/* End PBXBuildFile section */

/* Begin PBXContainerItemProxy section */
		2AB51E3E1E472D4B00F5B93F /* PBXContainerItemProxy */ = {
			isa = PBXContainerItemProxy;
			containerPortal = 2AB51E211E472D4B00F5B93F /* Project object */;
			proxyType = 1;
			remoteGlobalIDString = 2AB51E281E472D4B00F5B93F;
			remoteInfo = MicRecord;
		};
		2AB51E491E472D4B00F5B93F /* PBXContainerItemProxy */ = {
			isa = PBXContainerItemProxy;
			containerPortal = 2AB51E211E472D4B00F5B93F /* Project object */;
			proxyType = 1;
			remoteGlobalIDString = 2AB51E281E472D4B00F5B93F;
			remoteInfo = MicRecord;
		};
/* End PBXContainerItemProxy section */

/* Begin PBXFileReference section */
		2AB51E291E472D4B00F5B93F /* MicRecord.app */ = {isa = PBXFileReference; explicitFileType = wrapper.application; includeInIndex = 0; path = MicRecord.app; sourceTree = BUILT_PRODUCTS_DIR; };
		2AB51E2C1E472D4B00F5B93F /* AppDelegate.swift */ = {isa = PBXFileReference; lastKnownFileType = sourcecode.swift; path = AppDelegate.swift; sourceTree = "<group>"; };
		2AB51E2E1E472D4B00F5B93F /* ViewController.swift */ = {isa = PBXFileReference; lastKnownFileType = sourcecode.swift; path = ViewController.swift; sourceTree = "<group>"; };
		2AB51E311E472D4B00F5B93F /* Base */ = {isa = PBXFileReference; lastKnownFileType = file.storyboard; name = Base; path = Base.lproj/Main.storyboard; sourceTree = "<group>"; };
		2AB51E331E472D4B00F5B93F /* Assets.xcassets */ = {isa = PBXFileReference; lastKnownFileType = folder.assetcatalog; path = Assets.xcassets; sourceTree = "<group>"; };
		2AB51E361E472D4B00F5B93F /* Base */ = {isa = PBXFileReference; lastKnownFileType = file.storyboard; name = Base; path = Base.lproj/LaunchScreen.storyboard; sourceTree = "<group>"; };
		2AB51E381E472D4B00F5B93F /* Info.plist */ = {isa = PBXFileReference; lastKnownFileType = text.plist.xml; path = Info.plist; sourceTree = "<group>"; };
		2AB51E3D1E472D4B00F5B93F /* MicRecordTests.xctest */ = {isa = PBXFileReference; explicitFileType = wrapper.cfbundle; includeInIndex = 0; path = MicRecordTests.xctest; sourceTree = BUILT_PRODUCTS_DIR; };
		2AB51E411E472D4B00F5B93F /* MicRecordTests.swift */ = {isa = PBXFileReference; lastKnownFileType = sourcecode.swift; path = MicRecordTests.swift; sourceTree = "<group>"; };
		2AB51E431E472D4B00F5B93F /* Info.plist */ = {isa = PBXFileReference; lastKnownFileType = text.plist.xml; path = Info.plist; sourceTree = "<group>"; };
		2AB51E481E472D4B00F5B93F /* MicRecordUITests.xctest */ = {isa = PBXFileReference; explicitFileType = wrapper.cfbundle; includeInIndex = 0; path = MicRecordUITests.xctest; sourceTree = BUILT_PRODUCTS_DIR; };
		2AB51E4C1E472D4B00F5B93F /* MicRecordUITests.swift */ = {isa = PBXFileReference; lastKnownFileType = sourcecode.swift; path = MicRecordUITests.swift; sourceTree = "<group>"; };
		2AB51E4E1E472D4B00F5B93F /* Info.plist */ = {isa = PBXFileReference; lastKnownFileType = text.plist.xml; path = Info.plist; sourceTree = "<group>"; };
/* End PBXFileReference section */

/* Begin PBXFrameworksBuildPhase section */
		2AB51E261E472D4B00F5B93F /* Frameworks */ = {
			isa = PBXFrameworksBuildPhase;
			buildActionMask = 2147483647;
			files = (
			);
			runOnlyForDeploymentPostprocessing = 0;
		};
		2AB51E3A1E472D4B00F5B93F /* Frameworks */ = {
			isa = PBXFrameworksBuildPhase;
			buildActionMask = 2147483647;
			files = (
			);
			runOnlyForDeploymentPostprocessing = 0;
		};
		2AB51E451E472D4B00F5B93F /* Frameworks */ = {
			isa = PBXFrameworksBuildPhase;
			buildActionMask = 2147483647;
			files = (
			);
			runOnlyForDeploymentPostprocessing = 0;
		};
/* End PBXFrameworksBuildPhase section */

/* Begin PBXGroup section */
		2AB51E201E472D4B00F5B93F = {
			isa = PBXGroup;
			children = (
				2AB51E2B1E472D4B00F5B93F /* MicRecord */,
				2AB51E401E472D4B00F5B93F /* MicRecordTests */,
				2AB51E4B1E472D4B00F5B93F /* MicRecordUITests */,
				2AB51E2A1E472D4B00F5B93F /* Products */,
			);
			sourceTree = "<group>";
		};
		2AB51E2A1E472D4B00F5B93F /* Products */ = {
			isa = PBXGroup;
			children = (
				2AB51E291E472D4B00F5B93F /* MicRecord.app */,
				2AB51E3D1E472D4B00F5B93F /* MicRecordTests.xctest */,
				2AB51E481E472D4B00F5B93F /* MicRecordUITests.xctest */,
			);
			name = Products;
			sourceTree = "<group>";
		};
		2AB51E2B1E472D4B00F5B93F /* MicRecord */ = {
			isa = PBXGroup;
			children = (
				2AB51E2C1E472D4B00F5B93F /* AppDelegate.swift */,
				2AB51E2E1E472D4B00F5B93F /* ViewController.swift */,
				2AB51E301E472D4B00F5B93F /* Main.storyboard */,
				2AB51E331E472D4B00F5B93F /* Assets.xcassets */,
				2AB51E351E472D4B00F5B93F /* LaunchScreen.storyboard */,
				2AB51E381E472D4B00F5B93F /* Info.plist */,
			);
			path = MicRecord;
			sourceTree = "<group>";
		};
		2AB51E401E472D4B00F5B93F /* MicRecordTests */ = {
			isa = PBXGroup;
			children = (
				2AB51E411E472D4B00F5B93F /* MicRecordTests.swift */,
				2AB51E431E472D4B00F5B93F /* Info.plist */,
			);
			path = MicRecordTests;
			sourceTree = "<group>";
		};
		2AB51E4B1E472D4B00F5B93F /* MicRecordUITests */ = {
			isa = PBXGroup;
			children = (
				2AB51E4C1E472D4B00F5B93F /* MicRecordUITests.swift */,
				2AB51E4E1E472D4B00F5B93F /* Info.plist */,
			);
			path = MicRecordUITests;
			sourceTree = "<group>";
		};
/* End PBXGroup section */

/* Begin PBXNativeTarget section */
		2AB51E281E472D4B00F5B93F /* MicRecord */ = {
			isa = PBXNativeTarget;
			buildConfigurationList = 2AB51E511E472D4B00F5B93F /* Build configuration list for PBXNativeTarget "MicRecord" */;
			buildPhases = (
				2AB51E251E472D4B00F5B93F /* Sources */,
				2AB51E261E472D4B00F5B93F /* Frameworks */,
				2AB51E271E472D4B00F5B93F /* Resources */,
			);
			buildRules = (
			);
			dependencies = (
			);
			name = MicRecord;
			productName = MicRecord;
			productReference = 2AB51E291E472D4B00F5B93F /* MicRecord.app */;
			productType = "com.apple.product-type.application";
		};
		2AB51E3C1E472D4B00F5B93F /* MicRecordTests */ = {
			isa = PBXNativeTarget;
			buildConfigurationList = 2AB51E541E472D4B00F5B93F /* Build configuration list for PBXNativeTarget "MicRecordTests" */;
			buildPhases = (
				2AB51E391E472D4B00F5B93F /* Sources */,
				2AB51E3A1E472D4B00F5B93F /* Frameworks */,
				2AB51E3B1E472D4B00F5B93F /* Resources */,
			);
			buildRules = (
			);
			dependencies = (
				2AB51E3F1E472D4B00F5B93F /* PBXTargetDependency */,
			);
			name = MicRecordTests;
			productName = MicRecordTests;
			productReference = 2AB51E3D1E472D4B00F5B93F /* MicRecordTests.xctest */;
			productType = "com.apple.product-type.bundle.unit-test";
		};
		2AB51E471E472D4B00F5B93F /* MicRecordUITests */ = {
			isa = PBXNativeTarget;
			buildConfigurationList = 2AB51E571E472D4B00F5B93F /* Build configuration list for PBXNativeTarget "MicRecordUITests" */;
			buildPhases = (
				2AB51E441E472D4B00F5B93F /* Sources */,
				2AB51E451E472D4B00F5B93F /* Frameworks */,
				2AB51E461E472D4B00F5B93F /* Resources */,
			);
			buildRules = (
			);
			dependencies = (
				2AB51E4A1E472D4B00F5B93F /* PBXTargetDependency */,
			);
			name = MicRecordUITests;
			productName = MicRecordUITests;
			productReference = 2AB51E481E472D4B00F5B93F /* MicRecordUITests.xctest */;
			productType = "com.apple.product-type.bundle.ui-testing";
		};
/* End PBXNativeTarget section */

/* Begin PBXProject section */
		2AB51E211E472D4B00F5B93F /* Project object */ = {
			isa = PBXProject;
			attributes = {
				LastSwiftUpdateCheck = 0820;
				LastUpgradeCheck = 0820;
				ORGANIZATIONNAME = "Ryo Eguchi";
				TargetAttributes = {
					2AB51E281E472D4B00F5B93F = {
						CreatedOnToolsVersion = 8.2.1;
						DevelopmentTeam = ECGZQ9XKG7;
						ProvisioningStyle = Automatic;
					};
					2AB51E3C1E472D4B00F5B93F = {
						CreatedOnToolsVersion = 8.2.1;
						DevelopmentTeam = ECGZQ9XKG7;
						ProvisioningStyle = Automatic;
						TestTargetID = 2AB51E281E472D4B00F5B93F;
					};
					2AB51E471E472D4B00F5B93F = {
						CreatedOnToolsVersion = 8.2.1;
						DevelopmentTeam = ECGZQ9XKG7;
						ProvisioningStyle = Automatic;
						TestTargetID = 2AB51E281E472D4B00F5B93F;
					};
				};
			};
			buildConfigurationList = 2AB51E241E472D4B00F5B93F /* Build configuration list for PBXProject "MicRecord" */;
			compatibilityVersion = "Xcode 3.2";
			developmentRegion = English;
			hasScannedForEncodings = 0;
			knownRegions = (
				en,
				Base,
			);
			mainGroup = 2AB51E201E472D4B00F5B93F;
			productRefGroup = 2AB51E2A1E472D4B00F5B93F /* Products */;
			projectDirPath = "";
			projectRoot = "";
			targets = (
				2AB51E281E472D4B00F5B93F /* MicRecord */,
				2AB51E3C1E472D4B00F5B93F /* MicRecordTests */,
				2AB51E471E472D4B00F5B93F /* MicRecordUITests */,
			);
		};
/* End PBXProject section */

/* Begin PBXResourcesBuildPhase section */
		2AB51E271E472D4B00F5B93F /* Resources */ = {
			isa = PBXResourcesBuildPhase;
			buildActionMask = 2147483647;
			files = (
				2AB51E371E472D4B00F5B93F /* LaunchScreen.storyboard in Resources */,
				2AB51E341E472D4B00F5B93F /* Assets.xcassets in Resources */,
				2AB51E321E472D4B00F5B93F /* Main.storyboard in Resources */,
			);
			runOnlyForDeploymentPostprocessing = 0;
		};
		2AB51E3B1E472D4B00F5B93F /* Resources */ = {
			isa = PBXResourcesBuildPhase;
			buildActionMask = 2147483647;
			files = (
			);
			runOnlyForDeploymentPostprocessing = 0;
		};
		2AB51E461E472D4B00F5B93F /* Resources */ = {
			isa = PBXResourcesBuildPhase;
			buildActionMask = 2147483647;
			files = (
			);
			runOnlyForDeploymentPostprocessing = 0;
		};
/* End PBXResourcesBuildPhase section */

/* Begin PBXSourcesBuildPhase section */
		2AB51E251E472D4B00F5B93F /* Sources */ = {
			isa = PBXSourcesBuildPhase;
			buildActionMask = 2147483647;
			files = (
				2AB51E2F1E472D4B00F5B93F /* ViewController.swift in Sources */,
				2AB51E2D1E472D4B00F5B93F /* AppDelegate.swift in Sources */,
			);
			runOnlyForDeploymentPostprocessing = 0;
		};
		2AB51E391E472D4B00F5B93F /* Sources */ = {
			isa = PBXSourcesBuildPhase;
			buildActionMask = 2147483647;
			files = (
				2AB51E421E472D4B00F5B93F /* MicRecordTests.swift in Sources */,
			);
			runOnlyForDeploymentPostprocessing = 0;
		};
		2AB51E441E472D4B00F5B93F /* Sources */ = {
			isa = PBXSourcesBuildPhase;
			buildActionMask = 2147483647;
			files = (
				2AB51E4D1E472D4B00F5B93F /* MicRecordUITests.swift in Sources */,
			);
			runOnlyForDeploymentPostprocessing = 0;
		};
/* End PBXSourcesBuildPhase section */

/* Begin PBXTargetDependency section */
		2AB51E3F1E472D4B00F5B93F /* PBXTargetDependency */ = {
			isa = PBXTargetDependency;
			target = 2AB51E281E472D4B00F5B93F /* MicRecord */;
			targetProxy = 2AB51E3E1E472D4B00F5B93F /* PBXContainerItemProxy */;
		};
		2AB51E4A1E472D4B00F5B93F /* PBXTargetDependency */ = {
			isa = PBXTargetDependency;
			target = 2AB51E281E472D4B00F5B93F /* MicRecord */;
			targetProxy = 2AB51E491E472D4B00F5B93F /* PBXContainerItemProxy */;
		};
/* End PBXTargetDependency section */

/* Begin PBXVariantGroup section */
		2AB51E301E472D4B00F5B93F /* Main.storyboard */ = {
			isa = PBXVariantGroup;
			children = (
				2AB51E311E472D4B00F5B93F /* Base */,
			);
			name = Main.storyboard;
			sourceTree = "<group>";
		};
		2AB51E351E472D4B00F5B93F /* LaunchScreen.storyboard */ = {
			isa = PBXVariantGroup;
			children = (
				2AB51E361E472D4B00F5B93F /* Base */,
			);
			name = LaunchScreen.storyboard;
			sourceTree = "<group>";
		};
/* End PBXVariantGroup section */

/* Begin XCBuildConfiguration section */
		2AB51E4F1E472D4B00F5B93F /* Debug */ = {
			isa = XCBuildConfiguration;
			buildSettings = {
				ALWAYS_SEARCH_USER_PATHS = NO;
				CLANG_ANALYZER_NONNULL = YES;
				CLANG_CXX_LANGUAGE_STANDARD = "gnu++0x";
				CLANG_CXX_LIBRARY = "libc++";
				CLANG_ENABLE_MODULES = YES;
				CLANG_ENABLE_OBJC_ARC = YES;
				CLANG_WARN_BOOL_CONVERSION = YES;
				CLANG_WARN_CONSTANT_CONVERSION = YES;
				CLANG_WARN_DIRECT_OBJC_ISA_USAGE = YES_ERROR;
				CLANG_WARN_DOCUMENTATION_COMMENTS = YES;
				CLANG_WARN_EMPTY_BODY = YES;
				CLANG_WARN_ENUM_CONVERSION = YES;
				CLANG_WARN_INFINITE_RECURSION = YES;
				CLANG_WARN_INT_CONVERSION = YES;
				CLANG_WARN_OBJC_ROOT_CLASS = YES_ERROR;
				CLANG_WARN_SUSPICIOUS_MOVE = YES;
				CLANG_WARN_UNREACHABLE_CODE = YES;
				CLANG_WARN__DUPLICATE_METHOD_MATCH = YES;
				"CODE_SIGN_IDENTITY[sdk=iphoneos*]" = "iPhone Developer";
				COPY_PHASE_STRIP = NO;
				DEBUG_INFORMATION_FORMAT = dwarf;
				ENABLE_STRICT_OBJC_MSGSEND = YES;
				ENABLE_TESTABILITY = YES;
				GCC_C_LANGUAGE_STANDARD = gnu99;
				GCC_DYNAMIC_NO_PIC = NO;
				GCC_NO_COMMON_BLOCKS = YES;
				GCC_OPTIMIZATION_LEVEL = 0;
				GCC_PREPROCESSOR_DEFINITIONS = (
					"DEBUG=1",
					"$(inherited)",
				);
				GCC_WARN_64_TO_32_BIT_CONVERSION = YES;
				GCC_WARN_ABOUT_RETURN_TYPE = YES_ERROR;
				GCC_WARN_UNDECLARED_SELECTOR = YES;
				GCC_WARN_UNINITIALIZED_AUTOS = YES_AGGRESSIVE;
				GCC_WARN_UNUSED_FUNCTION = YES;
				GCC_WARN_UNUSED_VARIABLE = YES;
				IPHONEOS_DEPLOYMENT_TARGET = 10.2;
				MTL_ENABLE_DEBUG_INFO = YES;
				ONLY_ACTIVE_ARCH = YES;
				SDKROOT = iphoneos;
				SWIFT_ACTIVE_COMPILATION_CONDITIONS = DEBUG;
				SWIFT_OPTIMIZATION_LEVEL = "-Onone";
			};
			name = Debug;
		};
		2AB51E501E472D4B00F5B93F /* Release */ = {
			isa = XCBuildConfiguration;
			buildSettings = {
				ALWAYS_SEARCH_USER_PATHS = NO;
				CLANG_ANALYZER_NONNULL = YES;
				CLANG_CXX_LANGUAGE_STANDARD = "gnu++0x";
				CLANG_CXX_LIBRARY = "libc++";
				CLANG_ENABLE_MODULES = YES;
				CLANG_ENABLE_OBJC_ARC = YES;
				CLANG_WARN_BOOL_CONVERSION = YES;
				CLANG_WARN_CONSTANT_CONVERSION = YES;
				CLANG_WARN_DIRECT_OBJC_ISA_USAGE = YES_ERROR;
				CLANG_WARN_DOCUMENTATION_COMMENTS = YES;
				CLANG_WARN_EMPTY_BODY = YES;
				CLANG_WARN_ENUM_CONVERSION = YES;
				CLANG_WARN_INFINITE_RECURSION = YES;
				CLANG_WARN_INT_CONVERSION = YES;
				CLANG_WARN_OBJC_ROOT_CLASS = YES_ERROR;
				CLANG_WARN_SUSPICIOUS_MOVE = YES;
				CLANG_WARN_UNREACHABLE_CODE = YES;
				CLANG_WARN__DUPLICATE_METHOD_MATCH = YES;
				"CODE_SIGN_IDENTITY[sdk=iphoneos*]" = "iPhone Developer";
				COPY_PHASE_STRIP = NO;
				DEBUG_INFORMATION_FORMAT = "dwarf-with-dsym";
				ENABLE_NS_ASSERTIONS = NO;
				ENABLE_STRICT_OBJC_MSGSEND = YES;
				GCC_C_LANGUAGE_STANDARD = gnu99;
				GCC_NO_COMMON_BLOCKS = YES;
				GCC_WARN_64_TO_32_BIT_CONVERSION = YES;
				GCC_WARN_ABOUT_RETURN_TYPE = YES_ERROR;
				GCC_WARN_UNDECLARED_SELECTOR = YES;
				GCC_WARN_UNINITIALIZED_AUTOS = YES_AGGRESSIVE;
				GCC_WARN_UNUSED_FUNCTION = YES;
				GCC_WARN_UNUSED_VARIABLE = YES;
				IPHONEOS_DEPLOYMENT_TARGET = 10.2;
				MTL_ENABLE_DEBUG_INFO = NO;
				SDKROOT = iphoneos;
				SWIFT_OPTIMIZATION_LEVEL = "-Owholemodule";
				VALIDATE_PRODUCT = YES;
			};
			name = Release;
		};
		2AB51E521E472D4B00F5B93F /* Debug */ = {
			isa = XCBuildConfiguration;
			buildSettings = {
				ASSETCATALOG_COMPILER_APPICON_NAME = AppIcon;
				DEVELOPMENT_TEAM = ECGZQ9XKG7;
				INFOPLIST_FILE = MicRecord/Info.plist;
				LD_RUNPATH_SEARCH_PATHS = "$(inherited) @executable_path/Frameworks";
				PRODUCT_BUNDLE_IDENTIFIER = eguchiedu.MicRecord;
				PRODUCT_NAME = "$(TARGET_NAME)";
				SWIFT_VERSION = 3.0;
			};
			name = Debug;
		};
		2AB51E531E472D4B00F5B93F /* Release */ = {
			isa = XCBuildConfiguration;
			buildSettings = {
				ASSETCATALOG_COMPILER_APPICON_NAME = AppIcon;
				DEVELOPMENT_TEAM = ECGZQ9XKG7;
				INFOPLIST_FILE = MicRecord/Info.plist;
				LD_RUNPATH_SEARCH_PATHS = "$(inherited) @executable_path/Frameworks";
				PRODUCT_BUNDLE_IDENTIFIER = eguchiedu.MicRecord;
				PRODUCT_NAME = "$(TARGET_NAME)";
				SWIFT_VERSION = 3.0;
			};
			name = Release;
		};
		2AB51E551E472D4B00F5B93F /* Debug */ = {
			isa = XCBuildConfiguration;
			buildSettings = {
				ALWAYS_EMBED_SWIFT_STANDARD_LIBRARIES = YES;
				BUNDLE_LOADER = "$(TEST_HOST)";
				DEVELOPMENT_TEAM = ECGZQ9XKG7;
				INFOPLIST_FILE = MicRecordTests/Info.plist;
				LD_RUNPATH_SEARCH_PATHS = "$(inherited) @executable_path/Frameworks @loader_path/Frameworks";
				PRODUCT_BUNDLE_IDENTIFIER = eguchiedu.MicRecordTests;
				PRODUCT_NAME = "$(TARGET_NAME)";
				SWIFT_VERSION = 3.0;
				TEST_HOST = "$(BUILT_PRODUCTS_DIR)/MicRecord.app/MicRecord";
			};
			name = Debug;
		};
		2AB51E561E472D4B00F5B93F /* Release */ = {
			isa = XCBuildConfiguration;
			buildSettings = {
				ALWAYS_EMBED_SWIFT_STANDARD_LIBRARIES = YES;
				BUNDLE_LOADER = "$(TEST_HOST)";
				DEVELOPMENT_TEAM = ECGZQ9XKG7;
				INFOPLIST_FILE = MicRecordTests/Info.plist;
				LD_RUNPATH_SEARCH_PATHS = "$(inherited) @executable_path/Frameworks @loader_path/Frameworks";
				PRODUCT_BUNDLE_IDENTIFIER = eguchiedu.MicRecordTests;
				PRODUCT_NAME = "$(TARGET_NAME)";
				SWIFT_VERSION = 3.0;
				TEST_HOST = "$(BUILT_PRODUCTS_DIR)/MicRecord.app/MicRecord";
			};
			name = Release;
		};
		2AB51E581E472D4B00F5B93F /* Debug */ = {
			isa = XCBuildConfiguration;
			buildSettings = {
				ALWAYS_EMBED_SWIFT_STANDARD_LIBRARIES = YES;
				DEVELOPMENT_TEAM = ECGZQ9XKG7;
				INFOPLIST_FILE = MicRecordUITests/Info.plist;
				LD_RUNPATH_SEARCH_PATHS = "$(inherited) @executable_path/Frameworks @loader_path/Frameworks";
				PRODUCT_BUNDLE_IDENTIFIER = eguchiedu.MicRecordUITests;
				PRODUCT_NAME = "$(TARGET_NAME)";
				SWIFT_VERSION = 3.0;
				TEST_TARGET_NAME = MicRecord;
			};
			name = Debug;
		};
		2AB51E591E472D4B00F5B93F /* Release */ = {
			isa = XCBuildConfiguration;
			buildSettings = {
				ALWAYS_EMBED_SWIFT_STANDARD_LIBRARIES = YES;
				DEVELOPMENT_TEAM = ECGZQ9XKG7;
				INFOPLIST_FILE = MicRecordUITests/Info.plist;
				LD_RUNPATH_SEARCH_PATHS = "$(inherited) @executable_path/Frameworks @loader_path/Frameworks";
				PRODUCT_BUNDLE_IDENTIFIER = eguchiedu.MicRecordUITests;
				PRODUCT_NAME = "$(TARGET_NAME)";
				SWIFT_VERSION = 3.0;
				TEST_TARGET_NAME = MicRecord;
			};
			name = Release;
		};
/* End XCBuildConfiguration section */

/* Begin XCConfigurationList section */
		2AB51E241E472D4B00F5B93F /* Build configuration list for PBXProject "MicRecord" */ = {
			isa = XCConfigurationList;
			buildConfigurations = (
				2AB51E4F1E472D4B00F5B93F /* Debug */,
				2AB51E501E472D4B00F5B93F /* Release */,
			);
			defaultConfigurationIsVisible = 0;
			defaultConfigurationName = Release;
		};
		2AB51E511E472D4B00F5B93F /* Build configuration list for PBXNativeTarget "MicRecord" */ = {
			isa = XCConfigurationList;
			buildConfigurations = (
				2AB51E521E472D4B00F5B93F /* Debug */,
				2AB51E531E472D4B00F5B93F /* Release */,
			);
			defaultConfigurationIsVisible = 0;
		};
		2AB51E541E472D4B00F5B93F /* Build configuration list for PBXNativeTarget "MicRecordTests" */ = {
			isa = XCConfigurationList;
			buildConfigurations = (
				2AB51E551E472D4B00F5B93F /* Debug */,
				2AB51E561E472D4B00F5B93F /* Release */,
			);
			defaultConfigurationIsVisible = 0;
		};
		2AB51E571E472D4B00F5B93F /* Build configuration list for PBXNativeTarget "MicRecordUITests" */ = {
			isa = XCConfigurationList;
			buildConfigurations = (
				2AB51E581E472D4B00F5B93F /* Debug */,
				2AB51E591E472D4B00F5B93F /* Release */,
			);
			defaultConfigurationIsVisible = 0;
		};
/* End XCConfigurationList section */
	};
	rootObject = 2AB51E211E472D4B00F5B93F /* Project object */;
}
